{
	"requires": true,
	"lockfileVersion": 1,
	"dependencies": {
		"@angular/common": {
			"version": "5.2.10",
			"resolved": "https://registry.npmjs.org/@angular/common/-/common-5.2.10.tgz",
			"integrity": "sha512-4zgI/Q6bo/KCvrDPf8gc2IpTJ3PFKgd9RF4jZuh1uc+uEYTAj396tDF8o412AJ/iwtYOHWUx+YgzAvT8dHXZ5Q==",
			"requires": {
				"tslib": "^1.7.1"
			}
		},
		"@angular/compiler": {
			"version": "5.2.10",
			"resolved": "https://registry.npmjs.org/@angular/compiler/-/compiler-5.2.10.tgz",
			"integrity": "sha512-FI9ip+aWGpKQB+VfNbFQ+wyh0K4Th8Q/MrHxW6CN4BYVAfFtfORRohvyyYk0sRxuQO8JFN3W/FFfdXjuL+cZKw==",
			"requires": {
				"tslib": "^1.7.1"
			}
		},
		"@angular/core": {
			"version": "5.2.10",
			"resolved": "https://registry.npmjs.org/@angular/core/-/core-5.2.10.tgz",
			"integrity": "sha512-glDuTtHTcAVhfU3NVewxz/W+Iweq5IaeW2tnMa+RKLopYk9fRs8eR5iTixTGvegwKR770vfXg/gR7P6Ii5cYGQ==",
			"requires": {
				"tslib": "^1.7.1"
			}
		},
		"@angular/forms": {
			"version": "5.2.10",
			"resolved": "https://registry.npmjs.org/@angular/forms/-/forms-5.2.10.tgz",
			"integrity": "sha512-XQR4cd1Eey9aDT3CxQ6pbBWSBEg1408ZV/EUblKgMgt4k8PfDiuLSbF+MI/TOYAg3UkcVAxN1no4hWtkou8Rpw==",
			"requires": {
				"tslib": "^1.7.1"
			}
		},
		"@angular/http": {
			"version": "5.2.10",
			"resolved": "https://registry.npmjs.org/@angular/http/-/http-5.2.10.tgz",
			"integrity": "sha512-euEJbxpH+pKBAwGUSo7XvNdods/kY6I4s8OUaJPUMtraQkhE6TJ0OMYvnqmGbdLimsg3ZMxqm54jCOjj9saEOQ==",
			"requires": {
				"tslib": "^1.7.1"
			}
		},
		"@angular/platform-browser": {
			"version": "5.2.10",
			"resolved": "https://registry.npmjs.org/@angular/platform-browser/-/platform-browser-5.2.10.tgz",
			"integrity": "sha512-oF1A0BS1wpTlxfv6YytkFCkztvvtVllnh5IUnoyV+siVT3qogKat9ZmzCmcDJ5SvIDYkY+rXBhumyFzBZ5ufFg==",
			"requires": {
				"tslib": "^1.7.1"
			}
		},
		"@angular/platform-browser-dynamic": {
			"version": "5.2.10",
			"resolved": "https://registry.npmjs.org/@angular/platform-browser-dynamic/-/platform-browser-dynamic-5.2.10.tgz",
			"integrity": "sha512-TquhIkyR6uXfmzk6RiEl5+8Kk653Wqe4F+pKn5gFi+Z6cDm4nkDlT9kgT3e6c08JHw9fGGAvNmsalq7oS+PnNg==",
			"requires": {
				"tslib": "^1.7.1"
			}
		},
		"@angular/platform-server": {
			"version": "5.2.10",
			"resolved": "https://registry.npmjs.org/@angular/platform-server/-/platform-server-5.2.10.tgz",
			"integrity": "sha512-invVR6XF8aqzMc/4OB6pARm1hgAdegp6rkBGWZa4nzfUT/u4QR+K3EjBXmF6NIYZGjEMVbCoNxDH8vwf6NcKYg==",
			"requires": {
				"domino": "^1.0.29",
				"tslib": "^1.7.1",
				"xhr2": "^0.1.4"
			}
		},
		"@esri/arcgis-to-geojson-utils": {
			"version": "1.2.0",
			"resolved": "https://registry.npmjs.org/@esri/arcgis-to-geojson-utils/-/arcgis-to-geojson-utils-1.2.0.tgz",
			"integrity": "sha512-JvHNyTEtvHwaCYv/x5LfXu2g1JifdU+2GPF536lDuS6wwnL1oWQMXrVjhpL225p575VEJRl4ajefR5RhwYxM/g=="
		},
		"domino": {
			"version": "1.0.30",
			"resolved": "https://registry.npmjs.org/domino/-/domino-1.0.30.tgz",
			"integrity": "sha512-ikq8WiDSkICdkElud317F2Sigc6A3EDpWsxWBwIZqOl95km4p/Vc9Rj98id7qKgsjDmExj0AVM7JOd4bb647Xg=="
		},
		"esri-leaflet": {
			"version": "2.1.4",
			"resolved": "https://registry.npmjs.org/esri-leaflet/-/esri-leaflet-2.1.4.tgz",
			"integrity": "sha512-cwHnvwMoQRcamUPsbmTRTgLFmZfK8pUdj3ozETXEwWZGdS8dH+gi/Wn63H/fYBaKTDl+iWQTJTab9036FlsM6A==",
			"requires": {
				"@esri/arcgis-to-geojson-utils": "^1.1.1",
				"leaflet-virtual-grid": "^1.0.5",
				"tiny-binary-search": "^1.0.2"
			}
		},
		"leaflet": {
			"version": "1.3.1",
			"resolved": "https://registry.npmjs.org/leaflet/-/leaflet-1.3.1.tgz",
			"integrity": "sha512-adQOIzh+bfdridLM1xIgJ9VnJbAUY3wqs/ueF+ITla+PLQ1z47USdBKUf+iD9FuUA8RtlT6j6hZBfZoA6mW+XQ=="
		},
		"leaflet-draw": {
			"version": "0.4.14",
			"resolved": "https://registry.npmjs.org/leaflet-draw/-/leaflet-draw-0.4.14.tgz",
			"integrity": "sha512-O99KSPjyHNMDE+uD/fpdPydvQfTE8QruaG7ylEEtKCIaSSb60mCWoDdGUqGEHU9PGPu2JxbEfkGTXY9eYv7aEw=="
		},
		"leaflet-virtual-grid": {
			"version": "1.0.6",
			"resolved": "https://registry.npmjs.org/leaflet-virtual-grid/-/leaflet-virtual-grid-1.0.6.tgz",
			"integrity": "sha512-hbAfom/aWjm1fZH1859XgiapPsLvSkhimqSIgvGDXGwGKr89P3gAJGSUZJ28bQwgvNOCDKW0PKKeEQOtZoZNDQ==",
			"requires": {
				"leaflet": "^1.0.0"
			}
		},
		"tiny-binary-search": {
			"version": "1.0.3",
			"resolved": "https://registry.npmjs.org/tiny-binary-search/-/tiny-binary-search-1.0.3.tgz",
			"integrity": "sha512-STSHX/L5nI9WTLv6wrzJbAPbO7OIISX83KFBh2GVbX1Uz/vgZOU/ANn/8iV6t35yMTpoPzzO+3OQid3mifE0CA=="
		},
		"tslib": {
			"version": "1.9.0",
			"resolved": "https://registry.npmjs.org/tslib/-/tslib-1.9.0.tgz",
			"integrity": "sha512-f/qGG2tUkrISBlQZEjEqoZ3B2+npJjIf04H1wuAv9iA8i04Icp+61KRXxFdha22670NJopsZCIjhC3SnjPRKrQ=="
		},
		"xhr2": {
			"version": "0.1.4",
			"resolved": "https://registry.npmjs.org/xhr2/-/xhr2-0.1.4.tgz",
			"integrity": "sha1-f4dliEdxbbUCYyOBL4GMras4el8="
		}
	}
}
