{
  "name": "forms",
  "version": "0.0.1",
  "lockfileVersion": 1,
  "requires": true,
  "dependencies": {
    "@a-ui/core": {
      "version": "2.1.1",
      "resolved": "https://registry.npmjs.org/@a-ui/core/-/core-2.1.1.tgz",
      "integrity": "sha512-ckwFy1uVSJqUeyUzHEWFS86ohv5pJyX3V2k4LQT+wgil935W0PgfC2FUQBDMOJQTVp3+zcSVhhwZwLjc9ydUYg=="
    },
    "@acpaas-ui/js-date-utils": {
      "version": "1.0.1-alpha.3",
      "resolved": "https://registry.npmjs.org/@acpaas-ui/js-date-utils/-/js-date-utils-1.0.1-alpha.3.tgz",
      "integrity": "sha512-oKM+l7fP4r/yg41rtzn6FQQpfo44mKX69KTsnepEr73K/u+Ix0EnJvImYn65KHTNfrcLTjlziKU1GXGDL+Gysg=="
    },
    "inputmask": {
      "version": "3.3.11",
      "resolved": "https://registry.npmjs.org/inputmask/-/inputmask-3.3.11.tgz",
      "integrity": "sha1-FCHJSuKMPc0bTSYze1CLs0mY4tg="
    },
    "lodash-es": {
      "version": "4.17.10",
      "resolved": "https://registry.npmjs.org/lodash-es/-/lodash-es-4.17.10.tgz",
      "integrity": "sha512-iesFYPmxYYGTcmQK0sL8bX3TGHyM6b2qREaB4kamHfQyfPJP0xgoGxp19nsH16nsfquLdiyKyX3mQkfiSGV8Rg=="
    },
    "ng2-ckeditor": {
      "version": "1.2.0",
      "resolved": "https://registry.npmjs.org/ng2-ckeditor/-/ng2-ckeditor-1.2.0.tgz",
      "integrity": "sha512-VOJh4dUDCnlHCiQkb5DphqRVLgBmC0XMxgSGbYGW3cgfR+Gp7nTIS+RYp2TCKbs6dG+BUxIbToEw7r7BQ4m/Iw=="
    },
    "rxjs-compat": {
      "version": "6.1.0",
      "resolved": "https://registry.npmjs.org/rxjs-compat/-/rxjs-compat-6.1.0.tgz",
      "integrity": "sha512-x5L1KQy1RqDRpPadN5iDOx71TV9Wqmlmu6OOEn3tFFgaTCB0/N+Lmby/rZHgJ6JEPzzt0nD9Zv+kS53E5JIR5g==",
      "dev": true
    }
  }
}
