{
  "name": "map",
  "version": "0.0.1",
  "lockfileVersion": 1,
  "requires": true,
  "dependencies": {
    "@esri/arcgis-to-geojson-utils": {
      "version": "1.2.0",
      "resolved": "https://registry.npmjs.org/@esri/arcgis-to-geojson-utils/-/arcgis-to-geojson-utils-1.2.0.tgz",
      "integrity": "sha512-JvHNyTEtvHwaCYv/x5LfXu2g1JifdU+2GPF536lDuS6wwnL1oWQMXrVjhpL225p575VEJRl4ajefR5RhwYxM/g=="
    },
    "esri-leaflet": {
      "version": "2.1.4",
      "resolved": "https://registry.npmjs.org/esri-leaflet/-/esri-leaflet-2.1.4.tgz",
      "integrity": "sha512-cwHnvwMoQRcamUPsbmTRTgLFmZfK8pUdj3ozETXEwWZGdS8dH+gi/Wn63H/fYBaKTDl+iWQTJTab9036FlsM6A==",
      "requires": {
        "@esri/arcgis-to-geojson-utils": "^1.1.1",
        "leaflet-virtual-grid": "^1.0.5",
        "tiny-binary-search": "^1.0.2"
      }
    },
    "leaflet": {
      "version": "1.3.1",
      "resolved": "https://registry.npmjs.org/leaflet/-/leaflet-1.3.1.tgz",
      "integrity": "sha512-adQOIzh+bfdridLM1xIgJ9VnJbAUY3wqs/ueF+ITla+PLQ1z47USdBKUf+iD9FuUA8RtlT6j6hZBfZoA6mW+XQ=="
    },
    "leaflet-draw": {
      "version": "1.0.2",
      "resolved": "https://registry.npmjs.org/leaflet-draw/-/leaflet-draw-1.0.2.tgz",
      "integrity": "sha512-iCcbXE9okhwznoTXjxVjoGFoKeiWGsgmWPKrPAeHUvtWZWK4t6YF6815D13wZoMxX2UM6tOmD7/VofCxx3S0+w=="
    },
    "leaflet-virtual-grid": {
      "version": "1.0.6",
      "resolved": "https://registry.npmjs.org/leaflet-virtual-grid/-/leaflet-virtual-grid-1.0.6.tgz",
      "integrity": "sha512-hbAfom/aWjm1fZH1859XgiapPsLvSkhimqSIgvGDXGwGKr89P3gAJGSUZJ28bQwgvNOCDKW0PKKeEQOtZoZNDQ==",
      "requires": {
        "leaflet": "^1.0.0"
      }
    },
    "tiny-binary-search": {
      "version": "1.0.3",
      "resolved": "https://registry.npmjs.org/tiny-binary-search/-/tiny-binary-search-1.0.3.tgz",
      "integrity": "sha512-STSHX/L5nI9WTLv6wrzJbAPbO7OIISX83KFBh2GVbX1Uz/vgZOU/ANn/8iV6t35yMTpoPzzO+3OQid3mifE0CA=="
    }
  }
}
