{
  "name": "agenda",
  "version": "0.0.1",
  "lockfileVersion": 1,
  "requires": true,
  "dependencies": {
    "@acpaas-ui/js-date-utils": {
      "version": "1.0.1-alpha.3",
      "resolved": "https://registry.npmjs.org/@acpaas-ui/js-date-utils/-/js-date-utils-1.0.1-alpha.3.tgz",
      "integrity": "sha512-oKM+l7fP4r/yg41rtzn6FQQpfo44mKX69KTsnepEr73K/u+Ix0EnJvImYn65KHTNfrcLTjlziKU1GXGDL+Gysg=="
    },
    "hammerjs": {
      "version": "2.0.8",
      "resolved": "https://registry.npmjs.org/hammerjs/-/hammerjs-2.0.8.tgz",
      "integrity": "sha1-BO93hiz/K7edMPdpIJWTAiK/YPE="
    }
  }
}
