{
  "name": "agenda",
  "version": "0.0.1",
  "lockfileVersion": 1,
  "requires": true,
  "dependencies": {
    "@acpaas-ui/datehelper": {
      "version": "2.0.3",
      "resolved": "https://nexusrepo.antwerpen.be/repository/npm-all/@acpaas-ui/datehelper/-/datehelper-2.0.3.tgz",
      "integrity": "sha512-9fiPTavBsJhe80/mU3RIJANKeUOAQFdrWZAohVnal1WFJvAIkWo7M2ky+LiOUO1SWH1aUi0EVa/CM9aoJpugyQ=="
    },
    "hammerjs": {
      "version": "2.0.8",
      "resolved": "https://registry.npmjs.org/hammerjs/-/hammerjs-2.0.8.tgz",
      "integrity": "sha1-BO93hiz/K7edMPdpIJWTAiK/YPE="
    },
    "rxjs-compat": {
      "version": "6.2.0",
      "resolved": "https://registry.npmjs.org/rxjs-compat/-/rxjs-compat-6.2.0.tgz",
      "integrity": "sha512-kFX7NSIgyzqn3+J5F/w75R72wDOICXwArbXyPU1neE4laOEwxkMTm+2oAZXN82yb+yli+j+c5USgbGLfphTCTA==",
      "dev": true
    }
  }
}
