{
  "name": "avatar",
  "version": "0.0.1",
  "lockfileVersion": 1,
  "requires": true,
  "dependencies": {
    "rxjs-compat": {
      "version": "6.2.0",
      "resolved": "https://registry.npmjs.org/rxjs-compat/-/rxjs-compat-6.2.0.tgz",
      "integrity": "sha512-kFX7NSIgyzqn3+J5F/w75R72wDOICXwArbXyPU1neE4laOEwxkMTm+2oAZXN82yb+yli+j+c5USgbGLfphTCTA==",
      "dev": true
    }
  }
}
