{
  "name": "notification",
  "version": "0.0.1",
  "lockfileVersion": 1,
  "requires": true,
  "dependencies": {
    "@angular-redux/store": {
      "version": "7.1.1",
      "resolved": "https://registry.npmjs.org/@angular-redux/store/-/store-7.1.1.tgz",
      "integrity": "sha512-Uhj+wzByvQ04j6hh75xYdUMfi/sA71OLcxMl0U8uhfEGsM13GaLmf1cheDfaAMNv04KKNqj72Gdb1j+Ov2S2Nw==",
      "dev": true
    },
    "rxjs-compat": {
      "version": "6.1.0",
      "resolved": "https://registry.npmjs.org/rxjs-compat/-/rxjs-compat-6.1.0.tgz",
      "integrity": "sha512-x5L1KQy1RqDRpPadN5iDOx71TV9Wqmlmu6OOEn3tFFgaTCB0/N+Lmby/rZHgJ6JEPzzt0nD9Zv+kS53E5JIR5g==",
      "dev": true
    }
  }
}
