{
  "name": "@acpaas-ui/ngx-components/code-snippet",
  "version": "0.0.1",
  "lockfileVersion": 1,
  "requires": true,
  "dependencies": {
    "@types/marked": {
      "version": "0.4.0",
      "resolved": "https://registry.npmjs.org/@types/marked/-/marked-0.4.0.tgz",
      "integrity": "sha512-xkURX55US18wHme+O2UlqJf3Fo7FqT5VAL+OJ/zK+jP2NX57naryDHoiqt/pMIwZjDc62sRvXUWuQQxQiBdheQ==",
      "dev": true
    },
    "angular2-highlight-js": {
      "version": "5.0.2",
      "resolved": "https://registry.npmjs.org/angular2-highlight-js/-/angular2-highlight-js-5.0.2.tgz",
      "integrity": "sha512-gDbRbVlIwEIGWM/7Y3jvYcvAQYc2AWQgFUGSlp+048yDoti5neE3AXTSRacSahGcSfjeuI/qaUleqcjcdFyDeA=="
    },
    "marked": {
      "version": "0.7.0",
      "resolved": "https://registry.npmjs.org/marked/-/marked-0.7.0.tgz",
      "integrity": "sha512-c+yYdCZJQrsRjTPhUx7VKkApw9bwDkNbHUKo1ovgcfDjb2kc8rLuRbIFyXL5WOEUwzSSKo3IXpph2K6DqB/KZg=="
    }
  }
}