{
  "name": "code-snippet",
  "version": "0.0.1",
  "lockfileVersion": 1,
  "requires": true,
  "dependencies": {
    "@types/marked": {
      "version": "0.4.0",
      "resolved": "https://registry.npmjs.org/@types/marked/-/marked-0.4.0.tgz",
      "integrity": "sha512-xkURX55US18wHme+O2UlqJf3Fo7FqT5VAL+OJ/zK+jP2NX57naryDHoiqt/pMIwZjDc62sRvXUWuQQxQiBdheQ==",
      "dev": true
    },
    "angular2-highlight-js": {
      "version": "5.0.2",
      "resolved": "https://registry.npmjs.org/angular2-highlight-js/-/angular2-highlight-js-5.0.2.tgz",
      "integrity": "sha512-gDbRbVlIwEIGWM/7Y3jvYcvAQYc2AWQgFUGSlp+048yDoti5neE3AXTSRacSahGcSfjeuI/qaUleqcjcdFyDeA=="
    },
    "marked": {
      "version": "0.3.19",
      "resolved": "https://registry.npmjs.org/marked/-/marked-0.3.19.tgz",
      "integrity": "sha512-ea2eGWOqNxPcXv8dyERdSr/6FmzvWwzjMxpfGB/sbMccXoct+xY+YukPD+QTUZwyvK7BZwcr4m21WBOW41pAkg=="
    }
  }
}
